// !$*UTF8*$!
{
	archiveVersion = 1;
	classes = {
	};
	objectVersion = 55;
	objects = {

/* Begin PBXBuildFile section */
		C322A9FC287C5064002D9F3E /* gaming_profile_searchApp.swift in Sources */ = {isa = PBXBuildFile; fileRef = C322A9FB287C5064002D9F3E /* gaming_profile_searchApp.swift */; };
		C322AA00287C506E002D9F3E /* Assets.xcassets in Resources */ = {isa = PBXBuildFile; fileRef = C322A9FF287C506E002D9F3E /* Assets.xcassets */; };
		C322AA03287C506E002D9F3E /* Preview Assets.xcassets in Resources */ = {isa = PBXBuildFile; fileRef = C322AA02287C506E002D9F3E /* Preview Assets.xcassets */; };
		C322AA0D287C5070002D9F3E /* gaming_profile_searchTests.swift in Sources */ = {isa = PBXBuildFile; fileRef = C322AA0C287C5070002D9F3E /* gaming_profile_searchTests.swift */; };
		C322AA17287C5070002D9F3E /* gaming_profile_searchUITests.swift in Sources */ = {isa = PBXBuildFile; fileRef = C322AA16287C5070002D9F3E /* gaming_profile_searchUITests.swift */; };
		C322AA19287C5070002D9F3E /* gaming_profile_searchUITestsLaunchTests.swift in Sources */ = {isa = PBXBuildFile; fileRef = C322AA18287C5070002D9F3E /* gaming_profile_searchUITestsLaunchTests.swift */; };
		C322AA29287C5133002D9F3E /* HomeView.swift in Sources */ = {isa = PBXBuildFile; fileRef = C322AA28287C5132002D9F3E /* HomeView.swift */; };
		C322AA2B287C517C002D9F3E /* ApiResponse.swift in Sources */ = {isa = PBXBuildFile; fileRef = C322AA2A287C517C002D9F3E /* ApiResponse.swift */; };
		C322AA2D287C522B002D9F3E /* Profiles.swift in Sources */ = {isa = PBXBuildFile; fileRef = C322AA2C287C522B002D9F3E /* Profiles.swift */; };
		C322AA2F287C560F002D9F3E /* HomeViewModel.swift in Sources */ = {isa = PBXBuildFile; fileRef = C322AA2E287C560F002D9F3E /* HomeViewModel.swift */; };
		C322AA31287C56CB002D9F3E /* Search.swift in Sources */ = {isa = PBXBuildFile; fileRef = C322AA30287C56CB002D9F3E /* Search.swift */; };
		C322AA33287CD9D5002D9F3E /* ConfigView.swift in Sources */ = {isa = PBXBuildFile; fileRef = C322AA32287CD9D5002D9F3E /* ConfigView.swift */; };
		C322AA36287CDFDB002D9F3E /* CardElement.swift in Sources */ = {isa = PBXBuildFile; fileRef = C322AA35287CDFDA002D9F3E /* CardElement.swift */; };
		C322AA38287CE106002D9F3E /* ProfileView.swift in Sources */ = {isa = PBXBuildFile; fileRef = C322AA37287CE106002D9F3E /* ProfileView.swift */; };
		C3E7F77C287DB36900486C14 /* LastSearchComponent.swift in Sources */ = {isa = PBXBuildFile; fileRef = C3E7F77B287DB36900486C14 /* LastSearchComponent.swift */; };
		C3E7F77D287DBC5100486C14 /* SearchComponent.swift in Sources */ = {isa = PBXBuildFile; fileRef = C322AA39287CE391002D9F3E /* SearchComponent.swift */; };
/* End PBXBuildFile section */

/* Begin PBXContainerItemProxy section */
		C322AA09287C5070002D9F3E /* PBXContainerItemProxy */ = {
			isa = PBXContainerItemProxy;
			containerPortal = C322A9F0287C5064002D9F3E /* Project object */;
			proxyType = 1;
			remoteGlobalIDString = C322A9F7287C5064002D9F3E;
			remoteInfo = "gaming-profile-search";
		};
		C322AA13287C5070002D9F3E /* PBXContainerItemProxy */ = {
			isa = PBXContainerItemProxy;
			containerPortal = C322A9F0287C5064002D9F3E /* Project object */;
			proxyType = 1;
			remoteGlobalIDString = C322A9F7287C5064002D9F3E;
			remoteInfo = "gaming-profile-search";
		};
/* End PBXContainerItemProxy section */

/* Begin PBXFileReference section */
		C322A9F8287C5064002D9F3E /* gaming-profile-search.app */ = {isa = PBXFileReference; explicitFileType = wrapper.application; includeInIndex = 0; path = "gaming-profile-search.app"; sourceTree = BUILT_PRODUCTS_DIR; };
		C322A9FB287C5064002D9F3E /* gaming_profile_searchApp.swift */ = {isa = PBXFileReference; lastKnownFileType = sourcecode.swift; path = gaming_profile_searchApp.swift; sourceTree = "<group>"; };
		C322A9FF287C506E002D9F3E /* Assets.xcassets */ = {isa = PBXFileReference; lastKnownFileType = folder.assetcatalog; path = Assets.xcassets; sourceTree = "<group>"; };
		C322AA02287C506E002D9F3E /* Preview Assets.xcassets */ = {isa = PBXFileReference; lastKnownFileType = folder.assetcatalog; path = "Preview Assets.xcassets"; sourceTree = "<group>"; };
		C322AA08287C5070002D9F3E /* gaming-profile-searchTests.xctest */ = {isa = PBXFileReference; explicitFileType = wrapper.cfbundle; includeInIndex = 0; path = "gaming-profile-searchTests.xctest"; sourceTree = BUILT_PRODUCTS_DIR; };
		C322AA0C287C5070002D9F3E /* gaming_profile_searchTests.swift */ = {isa = PBXFileReference; lastKnownFileType = sourcecode.swift; path = gaming_profile_searchTests.swift; sourceTree = "<group>"; };
		C322AA12287C5070002D9F3E /* gaming-profile-searchUITests.xctest */ = {isa = PBXFileReference; explicitFileType = wrapper.cfbundle; includeInIndex = 0; path = "gaming-profile-searchUITests.xctest"; sourceTree = BUILT_PRODUCTS_DIR; };
		C322AA16287C5070002D9F3E /* gaming_profile_searchUITests.swift */ = {isa = PBXFileReference; lastKnownFileType = sourcecode.swift; path = gaming_profile_searchUITests.swift; sourceTree = "<group>"; };
		C322AA18287C5070002D9F3E /* gaming_profile_searchUITestsLaunchTests.swift */ = {isa = PBXFileReference; lastKnownFileType = sourcecode.swift; path = gaming_profile_searchUITestsLaunchTests.swift; sourceTree = "<group>"; };
		C322AA28287C5132002D9F3E /* HomeView.swift */ = {isa = PBXFileReference; lastKnownFileType = sourcecode.swift; path = HomeView.swift; sourceTree = "<group>"; };
		C322AA2A287C517C002D9F3E /* ApiResponse.swift */ = {isa = PBXFileReference; lastKnownFileType = sourcecode.swift; path = ApiResponse.swift; sourceTree = "<group>"; };
		C322AA2C287C522B002D9F3E /* Profiles.swift */ = {isa = PBXFileReference; lastKnownFileType = sourcecode.swift; path = Profiles.swift; sourceTree = "<group>"; };
		C322AA2E287C560F002D9F3E /* HomeViewModel.swift */ = {isa = PBXFileReference; lastKnownFileType = sourcecode.swift; path = HomeViewModel.swift; sourceTree = "<group>"; };
		C322AA30287C56CB002D9F3E /* Search.swift */ = {isa = PBXFileReference; lastKnownFileType = sourcecode.swift; path = Search.swift; sourceTree = "<group>"; };
		C322AA32287CD9D5002D9F3E /* ConfigView.swift */ = {isa = PBXFileReference; lastKnownFileType = sourcecode.swift; path = ConfigView.swift; sourceTree = "<group>"; };
		C322AA35287CDFDA002D9F3E /* CardElement.swift */ = {isa = PBXFileReference; lastKnownFileType = sourcecode.swift; path = CardElement.swift; sourceTree = "<group>"; };
		C322AA37287CE106002D9F3E /* ProfileView.swift */ = {isa = PBXFileReference; lastKnownFileType = sourcecode.swift; path = ProfileView.swift; sourceTree = "<group>"; };
		C322AA39287CE391002D9F3E /* SearchComponent.swift */ = {isa = PBXFileReference; lastKnownFileType = sourcecode.swift; path = SearchComponent.swift; sourceTree = "<group>"; };
		C3E7F77B287DB36900486C14 /* LastSearchComponent.swift */ = {isa = PBXFileReference; lastKnownFileType = sourcecode.swift; path = LastSearchComponent.swift; sourceTree = "<group>"; };
/* End PBXFileReference section */

/* Begin PBXFrameworksBuildPhase section */
		C322A9F5287C5064002D9F3E /* Frameworks */ = {
			isa = PBXFrameworksBuildPhase;
			buildActionMask = 2147483647;
			files = (
			);
			runOnlyForDeploymentPostprocessing = 0;
		};
		C322AA05287C506F002D9F3E /* Frameworks */ = {
			isa = PBXFrameworksBuildPhase;
			buildActionMask = 2147483647;
			files = (
			);
			runOnlyForDeploymentPostprocessing = 0;
		};
		C322AA0F287C5070002D9F3E /* Frameworks */ = {
			isa = PBXFrameworksBuildPhase;
			buildActionMask = 2147483647;
			files = (
			);
			runOnlyForDeploymentPostprocessing = 0;
		};
/* End PBXFrameworksBuildPhase section */

/* Begin PBXGroup section */
		C322A9EF287C5064002D9F3E = {
			isa = PBXGroup;
			children = (
				C322A9FA287C5064002D9F3E /* gaming-profile-search */,
				C322AA0B287C5070002D9F3E /* gaming-profile-searchTests */,
				C322AA15287C5070002D9F3E /* gaming-profile-searchUITests */,
				C322A9F9287C5064002D9F3E /* Products */,
			);
			sourceTree = "<group>";
		};
		C322A9F9287C5064002D9F3E /* Products */ = {
			isa = PBXGroup;
			children = (
				C322A9F8287C5064002D9F3E /* gaming-profile-search.app */,
				C322AA08287C5070002D9F3E /* gaming-profile-searchTests.xctest */,
				C322AA12287C5070002D9F3E /* gaming-profile-searchUITests.xctest */,
			);
			name = Products;
			sourceTree = "<group>";
		};
		C322A9FA287C5064002D9F3E /* gaming-profile-search */ = {
			isa = PBXGroup;
			children = (
				C322AA34287CDFCC002D9F3E /* Components */,
				C322AA27287C511C002D9F3E /* ViewModel */,
				C322AA26287C5116002D9F3E /* Model */,
				C322AA25287C510F002D9F3E /* View */,
				C322A9FB287C5064002D9F3E /* gaming_profile_searchApp.swift */,
				C322A9FF287C506E002D9F3E /* Assets.xcassets */,
				C322AA01287C506E002D9F3E /* Preview Content */,
				C322AA32287CD9D5002D9F3E /* ConfigView.swift */,
			);
			path = "gaming-profile-search";
			sourceTree = "<group>";
		};
		C322AA01287C506E002D9F3E /* Preview Content */ = {
			isa = PBXGroup;
			children = (
				C322AA02287C506E002D9F3E /* Preview Assets.xcassets */,
			);
			path = "Preview Content";
			sourceTree = "<group>";
		};
		C322AA0B287C5070002D9F3E /* gaming-profile-searchTests */ = {
			isa = PBXGroup;
			children = (
				C322AA0C287C5070002D9F3E /* gaming_profile_searchTests.swift */,
			);
			path = "gaming-profile-searchTests";
			sourceTree = "<group>";
		};
		C322AA15287C5070002D9F3E /* gaming-profile-searchUITests */ = {
			isa = PBXGroup;
			children = (
				C322AA16287C5070002D9F3E /* gaming_profile_searchUITests.swift */,
				C322AA18287C5070002D9F3E /* gaming_profile_searchUITestsLaunchTests.swift */,
			);
			path = "gaming-profile-searchUITests";
			sourceTree = "<group>";
		};
		C322AA25287C510F002D9F3E /* View */ = {
			isa = PBXGroup;
			children = (
				C322AA28287C5132002D9F3E /* HomeView.swift */,
				C322AA37287CE106002D9F3E /* ProfileView.swift */,
			);
			path = View;
			sourceTree = "<group>";
		};
		C322AA26287C5116002D9F3E /* Model */ = {
			isa = PBXGroup;
			children = (
				C322AA2A287C517C002D9F3E /* ApiResponse.swift */,
				C322AA2C287C522B002D9F3E /* Profiles.swift */,
				C322AA30287C56CB002D9F3E /* Search.swift */,
			);
			path = Model;
			sourceTree = "<group>";
		};
		C322AA27287C511C002D9F3E /* ViewModel */ = {
			isa = PBXGroup;
			children = (
				C322AA2E287C560F002D9F3E /* HomeViewModel.swift */,
			);
			path = ViewModel;
			sourceTree = "<group>";
		};
		C322AA34287CDFCC002D9F3E /* Components */ = {
			isa = PBXGroup;
			children = (
				C322AA39287CE391002D9F3E /* SearchComponent.swift */,
				C322AA35287CDFDA002D9F3E /* CardElement.swift */,
				C3E7F77B287DB36900486C14 /* LastSearchComponent.swift */,
			);
			path = Components;
			sourceTree = "<group>";
		};
/* End PBXGroup section */

/* Begin PBXNativeTarget section */
		C322A9F7287C5064002D9F3E /* gaming-profile-search */ = {
			isa = PBXNativeTarget;
			buildConfigurationList = C322AA1C287C5070002D9F3E /* Build configuration list for PBXNativeTarget "gaming-profile-search" */;
			buildPhases = (
				C322A9F4287C5064002D9F3E /* Sources */,
				C322A9F5287C5064002D9F3E /* Frameworks */,
				C322A9F6287C5064002D9F3E /* Resources */,
				C3E7F776287DAD9E00486C14 /* SwiftLint */,
			);
			buildRules = (
			);
			dependencies = (
			);
			name = "gaming-profile-search";
			productName = "gaming-profile-search";
			productReference = C322A9F8287C5064002D9F3E /* gaming-profile-search.app */;
			productType = "com.apple.product-type.application";
		};
		C322AA07287C506F002D9F3E /* gaming-profile-searchTests */ = {
			isa = PBXNativeTarget;
			buildConfigurationList = C322AA1F287C5070002D9F3E /* Build configuration list for PBXNativeTarget "gaming-profile-searchTests" */;
			buildPhases = (
				C322AA04287C506F002D9F3E /* Sources */,
				C322AA05287C506F002D9F3E /* Frameworks */,
				C322AA06287C506F002D9F3E /* Resources */,
			);
			buildRules = (
			);
			dependencies = (
				C322AA0A287C5070002D9F3E /* PBXTargetDependency */,
			);
			name = "gaming-profile-searchTests";
			productName = "gaming-profile-searchTests";
			productReference = C322AA08287C5070002D9F3E /* gaming-profile-searchTests.xctest */;
			productType = "com.apple.product-type.bundle.unit-test";
		};
		C322AA11287C5070002D9F3E /* gaming-profile-searchUITests */ = {
			isa = PBXNativeTarget;
			buildConfigurationList = C322AA22287C5070002D9F3E /* Build configuration list for PBXNativeTarget "gaming-profile-searchUITests" */;
			buildPhases = (
				C322AA0E287C5070002D9F3E /* Sources */,
				C322AA0F287C5070002D9F3E /* Frameworks */,
				C322AA10287C5070002D9F3E /* Resources */,
			);
			buildRules = (
			);
			dependencies = (
				C322AA14287C5070002D9F3E /* PBXTargetDependency */,
			);
			name = "gaming-profile-searchUITests";
			productName = "gaming-profile-searchUITests";
			productReference = C322AA12287C5070002D9F3E /* gaming-profile-searchUITests.xctest */;
			productType = "com.apple.product-type.bundle.ui-testing";
		};
/* End PBXNativeTarget section */

/* Begin PBXProject section */
		C322A9F0287C5064002D9F3E /* Project object */ = {
			isa = PBXProject;
			attributes = {
				BuildIndependentTargetsInParallel = 1;
				LastSwiftUpdateCheck = 1340;
				LastUpgradeCheck = 1340;
				TargetAttributes = {
					C322A9F7287C5064002D9F3E = {
						CreatedOnToolsVersion = 13.4.1;
					};
					C322AA07287C506F002D9F3E = {
						CreatedOnToolsVersion = 13.4.1;
						TestTargetID = C322A9F7287C5064002D9F3E;
					};
					C322AA11287C5070002D9F3E = {
						CreatedOnToolsVersion = 13.4.1;
						TestTargetID = C322A9F7287C5064002D9F3E;
					};
				};
			};
			buildConfigurationList = C322A9F3287C5064002D9F3E /* Build configuration list for PBXProject "gaming-profile-search" */;
			compatibilityVersion = "Xcode 13.0";
			developmentRegion = en;
			hasScannedForEncodings = 0;
			knownRegions = (
				en,
				Base,
			);
			mainGroup = C322A9EF287C5064002D9F3E;
			productRefGroup = C322A9F9287C5064002D9F3E /* Products */;
			projectDirPath = "";
			projectRoot = "";
			targets = (
				C322A9F7287C5064002D9F3E /* gaming-profile-search */,
				C322AA07287C506F002D9F3E /* gaming-profile-searchTests */,
				C322AA11287C5070002D9F3E /* gaming-profile-searchUITests */,
			);
		};
/* End PBXProject section */

/* Begin PBXResourcesBuildPhase section */
		C322A9F6287C5064002D9F3E /* Resources */ = {
			isa = PBXResourcesBuildPhase;
			buildActionMask = 2147483647;
			files = (
				C322AA03287C506E002D9F3E /* Preview Assets.xcassets in Resources */,
				C322AA00287C506E002D9F3E /* Assets.xcassets in Resources */,
			);
			runOnlyForDeploymentPostprocessing = 0;
		};
		C322AA06287C506F002D9F3E /* Resources */ = {
			isa = PBXResourcesBuildPhase;
			buildActionMask = 2147483647;
			files = (
			);
			runOnlyForDeploymentPostprocessing = 0;
		};
		C322AA10287C5070002D9F3E /* Resources */ = {
			isa = PBXResourcesBuildPhase;
			buildActionMask = 2147483647;
			files = (
			);
			runOnlyForDeploymentPostprocessing = 0;
		};
/* End PBXResourcesBuildPhase section */

/* Begin PBXShellScriptBuildPhase section */
		C3E7F776287DAD9E00486C14 /* SwiftLint */ = {
			isa = PBXShellScriptBuildPhase;
			buildActionMask = 2147483647;
			files = (
			);
			inputFileListPaths = (
			);
			inputPaths = (
			);
			name = SwiftLint;
			outputFileListPaths = (
			);
			outputPaths = (
			);
			runOnlyForDeploymentPostprocessing = 0;
			shellPath = /bin/sh;
			shellScript = "# Type a script or drag a script file from your workspace to insert its path.\nif which swiftlint > /dev/null; then\n  swiftlint\nelse\n  echo \"warning: SwiftLint not installed, download from https://github.com/realm/SwiftLint\"\nfi\n";
		};
/* End PBXShellScriptBuildPhase section */

/* Begin PBXSourcesBuildPhase section */
		C322A9F4287C5064002D9F3E /* Sources */ = {
			isa = PBXSourcesBuildPhase;
			buildActionMask = 2147483647;
			files = (
				C3E7F77D287DBC5100486C14 /* SearchComponent.swift in Sources */,
				C322AA36287CDFDB002D9F3E /* CardElement.swift in Sources */,
				C322AA38287CE106002D9F3E /* ProfileView.swift in Sources */,
				C322AA2B287C517C002D9F3E /* ApiResponse.swift in Sources */,
				C322AA2D287C522B002D9F3E /* Profiles.swift in Sources */,
				C322AA29287C5133002D9F3E /* HomeView.swift in Sources */,
				C322AA33287CD9D5002D9F3E /* ConfigView.swift in Sources */,
				C322AA31287C56CB002D9F3E /* Search.swift in Sources */,
				C3E7F77C287DB36900486C14 /* LastSearchComponent.swift in Sources */,
				C322AA2F287C560F002D9F3E /* HomeViewModel.swift in Sources */,
				C322A9FC287C5064002D9F3E /* gaming_profile_searchApp.swift in Sources */,
			);
			runOnlyForDeploymentPostprocessing = 0;
		};
		C322AA04287C506F002D9F3E /* Sources */ = {
			isa = PBXSourcesBuildPhase;
			buildActionMask = 2147483647;
			files = (
				C322AA0D287C5070002D9F3E /* gaming_profile_searchTests.swift in Sources */,
			);
			runOnlyForDeploymentPostprocessing = 0;
		};
		C322AA0E287C5070002D9F3E /* Sources */ = {
			isa = PBXSourcesBuildPhase;
			buildActionMask = 2147483647;
			files = (
				C322AA17287C5070002D9F3E /* gaming_profile_searchUITests.swift in Sources */,
				C322AA19287C5070002D9F3E /* gaming_profile_searchUITestsLaunchTests.swift in Sources */,
			);
			runOnlyForDeploymentPostprocessing = 0;
		};
/* End PBXSourcesBuildPhase section */

/* Begin PBXTargetDependency section */
		C322AA0A287C5070002D9F3E /* PBXTargetDependency */ = {
			isa = PBXTargetDependency;
			target = C322A9F7287C5064002D9F3E /* gaming-profile-search */;
			targetProxy = C322AA09287C5070002D9F3E /* PBXContainerItemProxy */;
		};
		C322AA14287C5070002D9F3E /* PBXTargetDependency */ = {
			isa = PBXTargetDependency;
			target = C322A9F7287C5064002D9F3E /* gaming-profile-search */;
			targetProxy = C322AA13287C5070002D9F3E /* PBXContainerItemProxy */;
		};
/* End PBXTargetDependency section */

/* Begin XCBuildConfiguration section */
		C322AA1A287C5070002D9F3E /* Debug */ = {
			isa = XCBuildConfiguration;
			buildSettings = {
				ALWAYS_SEARCH_USER_PATHS = NO;
				CLANG_ANALYZER_NONNULL = YES;
				CLANG_ANALYZER_NUMBER_OBJECT_CONVERSION = YES_AGGRESSIVE;
				CLANG_CXX_LANGUAGE_STANDARD = "gnu++17";
				CLANG_ENABLE_MODULES = YES;
				CLANG_ENABLE_OBJC_ARC = YES;
				CLANG_ENABLE_OBJC_WEAK = YES;
				CLANG_WARN_BLOCK_CAPTURE_AUTORELEASING = YES;
				CLANG_WARN_BOOL_CONVERSION = YES;
				CLANG_WARN_COMMA = YES;
				CLANG_WARN_CONSTANT_CONVERSION = YES;
				CLANG_WARN_DEPRECATED_OBJC_IMPLEMENTATIONS = YES;
				CLANG_WARN_DIRECT_OBJC_ISA_USAGE = YES_ERROR;
				CLANG_WARN_DOCUMENTATION_COMMENTS = YES;
				CLANG_WARN_EMPTY_BODY = YES;
				CLANG_WARN_ENUM_CONVERSION = YES;
				CLANG_WARN_INFINITE_RECURSION = YES;
				CLANG_WARN_INT_CONVERSION = YES;
				CLANG_WARN_NON_LITERAL_NULL_CONVERSION = YES;
				CLANG_WARN_OBJC_IMPLICIT_RETAIN_SELF = YES;
				CLANG_WARN_OBJC_LITERAL_CONVERSION = YES;
				CLANG_WARN_OBJC_ROOT_CLASS = YES_ERROR;
				CLANG_WARN_QUOTED_INCLUDE_IN_FRAMEWORK_HEADER = YES;
				CLANG_WARN_RANGE_LOOP_ANALYSIS = YES;
				CLANG_WARN_STRICT_PROTOTYPES = YES;
				CLANG_WARN_SUSPICIOUS_MOVE = YES;
				CLANG_WARN_UNGUARDED_AVAILABILITY = YES_AGGRESSIVE;
				CLANG_WARN_UNREACHABLE_CODE = YES;
				CLANG_WARN__DUPLICATE_METHOD_MATCH = YES;
				COPY_PHASE_STRIP = NO;
				DEBUG_INFORMATION_FORMAT = dwarf;
				ENABLE_STRICT_OBJC_MSGSEND = YES;
				ENABLE_TESTABILITY = YES;
				GCC_C_LANGUAGE_STANDARD = gnu11;
				GCC_DYNAMIC_NO_PIC = NO;
				GCC_NO_COMMON_BLOCKS = YES;
				GCC_OPTIMIZATION_LEVEL = 0;
				GCC_PREPROCESSOR_DEFINITIONS = (
					"DEBUG=1",
					"$(inherited)",
				);
				GCC_WARN_64_TO_32_BIT_CONVERSION = YES;
				GCC_WARN_ABOUT_RETURN_TYPE = YES_ERROR;
				GCC_WARN_UNDECLARED_SELECTOR = YES;
				GCC_WARN_UNINITIALIZED_AUTOS = YES_AGGRESSIVE;
				GCC_WARN_UNUSED_FUNCTION = YES;
				GCC_WARN_UNUSED_VARIABLE = YES;
				IPHONEOS_DEPLOYMENT_TARGET = 15.5;
				MTL_ENABLE_DEBUG_INFO = INCLUDE_SOURCE;
				MTL_FAST_MATH = YES;
				ONLY_ACTIVE_ARCH = YES;
				SDKROOT = iphoneos;
				SWIFT_ACTIVE_COMPILATION_CONDITIONS = DEBUG;
				SWIFT_OPTIMIZATION_LEVEL = "-Onone";
			};
			name = Debug;
		};
		C322AA1B287C5070002D9F3E /* Release */ = {
			isa = XCBuildConfiguration;
			buildSettings = {
				ALWAYS_SEARCH_USER_PATHS = NO;
				CLANG_ANALYZER_NONNULL = YES;
				CLANG_ANALYZER_NUMBER_OBJECT_CONVERSION = YES_AGGRESSIVE;
				CLANG_CXX_LANGUAGE_STANDARD = "gnu++17";
				CLANG_ENABLE_MODULES = YES;
				CLANG_ENABLE_OBJC_ARC = YES;
				CLANG_ENABLE_OBJC_WEAK = YES;
				CLANG_WARN_BLOCK_CAPTURE_AUTORELEASING = YES;
				CLANG_WARN_BOOL_CONVERSION = YES;
				CLANG_WARN_COMMA = YES;
				CLANG_WARN_CONSTANT_CONVERSION = YES;
				CLANG_WARN_DEPRECATED_OBJC_IMPLEMENTATIONS = YES;
				CLANG_WARN_DIRECT_OBJC_ISA_USAGE = YES_ERROR;
				CLANG_WARN_DOCUMENTATION_COMMENTS = YES;
				CLANG_WARN_EMPTY_BODY = YES;
				CLANG_WARN_ENUM_CONVERSION = YES;
				CLANG_WARN_INFINITE_RECURSION = YES;
				CLANG_WARN_INT_CONVERSION = YES;
				CLANG_WARN_NON_LITERAL_NULL_CONVERSION = YES;
				CLANG_WARN_OBJC_IMPLICIT_RETAIN_SELF = YES;
				CLANG_WARN_OBJC_LITERAL_CONVERSION = YES;
				CLANG_WARN_OBJC_ROOT_CLASS = YES_ERROR;
				CLANG_WARN_QUOTED_INCLUDE_IN_FRAMEWORK_HEADER = YES;
				CLANG_WARN_RANGE_LOOP_ANALYSIS = YES;
				CLANG_WARN_STRICT_PROTOTYPES = YES;
				CLANG_WARN_SUSPICIOUS_MOVE = YES;
				CLANG_WARN_UNGUARDED_AVAILABILITY = YES_AGGRESSIVE;
				CLANG_WARN_UNREACHABLE_CODE = YES;
				CLANG_WARN__DUPLICATE_METHOD_MATCH = YES;
				COPY_PHASE_STRIP = NO;
				DEBUG_INFORMATION_FORMAT = "dwarf-with-dsym";
				ENABLE_NS_ASSERTIONS = NO;
				ENABLE_STRICT_OBJC_MSGSEND = YES;
				GCC_C_LANGUAGE_STANDARD = gnu11;
				GCC_NO_COMMON_BLOCKS = YES;
				GCC_WARN_64_TO_32_BIT_CONVERSION = YES;
				GCC_WARN_ABOUT_RETURN_TYPE = YES_ERROR;
				GCC_WARN_UNDECLARED_SELECTOR = YES;
				GCC_WARN_UNINITIALIZED_AUTOS = YES_AGGRESSIVE;
				GCC_WARN_UNUSED_FUNCTION = YES;
				GCC_WARN_UNUSED_VARIABLE = YES;
				IPHONEOS_DEPLOYMENT_TARGET = 15.5;
				MTL_ENABLE_DEBUG_INFO = NO;
				MTL_FAST_MATH = YES;
				SDKROOT = iphoneos;
				SWIFT_COMPILATION_MODE = wholemodule;
				SWIFT_OPTIMIZATION_LEVEL = "-O";
				VALIDATE_PRODUCT = YES;
			};
			name = Release;
		};
		C322AA1D287C5070002D9F3E /* Debug */ = {
			isa = XCBuildConfiguration;
			buildSettings = {
				ASSETCATALOG_COMPILER_APPICON_NAME = AppIcon;
				ASSETCATALOG_COMPILER_GLOBAL_ACCENT_COLOR_NAME = AccentColor;
				CODE_SIGN_STYLE = Automatic;
				CURRENT_PROJECT_VERSION = 1;
				DEVELOPMENT_ASSET_PATHS = "\"gaming-profile-search/Preview Content\"";
				DEVELOPMENT_TEAM = TS82KLGD8T;
				ENABLE_PREVIEWS = YES;
				GENERATE_INFOPLIST_FILE = YES;
				INFOPLIST_KEY_UIApplicationSceneManifest_Generation = YES;
				INFOPLIST_KEY_UIApplicationSupportsIndirectInputEvents = YES;
				INFOPLIST_KEY_UILaunchScreen_Generation = YES;
				INFOPLIST_KEY_UISupportedInterfaceOrientations_iPad = "UIInterfaceOrientationPortrait UIInterfaceOrientationPortraitUpsideDown UIInterfaceOrientationLandscapeLeft UIInterfaceOrientationLandscapeRight";
				INFOPLIST_KEY_UISupportedInterfaceOrientations_iPhone = "UIInterfaceOrientationPortrait UIInterfaceOrientationLandscapeLeft UIInterfaceOrientationLandscapeRight";
				LD_RUNPATH_SEARCH_PATHS = (
					"$(inherited)",
					"@executable_path/Frameworks",
				);
				MARKETING_VERSION = 1.0;
				PRODUCT_BUNDLE_IDENTIFIER = "com.unfernandito.gaming-profile-search";
				PRODUCT_NAME = "$(TARGET_NAME)";
				SWIFT_EMIT_LOC_STRINGS = YES;
				SWIFT_VERSION = 5.0;
				TARGETED_DEVICE_FAMILY = "1,2";
			};
			name = Debug;
		};
		C322AA1E287C5070002D9F3E /* Release */ = {
			isa = XCBuildConfiguration;
			buildSettings = {
				ASSETCATALOG_COMPILER_APPICON_NAME = AppIcon;
				ASSETCATALOG_COMPILER_GLOBAL_ACCENT_COLOR_NAME = AccentColor;
				CODE_SIGN_STYLE = Automatic;
				CURRENT_PROJECT_VERSION = 1;
				DEVELOPMENT_ASSET_PATHS = "\"gaming-profile-search/Preview Content\"";
				DEVELOPMENT_TEAM = TS82KLGD8T;
				ENABLE_PREVIEWS = YES;
				GENERATE_INFOPLIST_FILE = YES;
				INFOPLIST_KEY_UIApplicationSceneManifest_Generation = YES;
				INFOPLIST_KEY_UIApplicationSupportsIndirectInputEvents = YES;
				INFOPLIST_KEY_UILaunchScreen_Generation = YES;
				INFOPLIST_KEY_UISupportedInterfaceOrientations_iPad = "UIInterfaceOrientationPortrait UIInterfaceOrientationPortraitUpsideDown UIInterfaceOrientationLandscapeLeft UIInterfaceOrientationLandscapeRight";
				INFOPLIST_KEY_UISupportedInterfaceOrientations_iPhone = "UIInterfaceOrientationPortrait UIInterfaceOrientationLandscapeLeft UIInterfaceOrientationLandscapeRight";
				LD_RUNPATH_SEARCH_PATHS = (
					"$(inherited)",
					"@executable_path/Frameworks",
				);
				MARKETING_VERSION = 1.0;
				PRODUCT_BUNDLE_IDENTIFIER = "com.unfernandito.gaming-profile-search";
				PRODUCT_NAME = "$(TARGET_NAME)";
				SWIFT_EMIT_LOC_STRINGS = YES;
				SWIFT_VERSION = 5.0;
				TARGETED_DEVICE_FAMILY = "1,2";
			};
			name = Release;
		};
		C322AA20287C5070002D9F3E /* Debug */ = {
			isa = XCBuildConfiguration;
			buildSettings = {
				ALWAYS_EMBED_SWIFT_STANDARD_LIBRARIES = YES;
				BUNDLE_LOADER = "$(TEST_HOST)";
				CODE_SIGN_STYLE = Automatic;
				CURRENT_PROJECT_VERSION = 1;
				DEVELOPMENT_TEAM = TS82KLGD8T;
				GENERATE_INFOPLIST_FILE = YES;
				IPHONEOS_DEPLOYMENT_TARGET = 15.5;
				MARKETING_VERSION = 1.0;
				PRODUCT_BUNDLE_IDENTIFIER = "com.unfernandito.gaming-profile-searchTests";
				PRODUCT_NAME = "$(TARGET_NAME)";
				SWIFT_EMIT_LOC_STRINGS = NO;
				SWIFT_VERSION = 5.0;
				TARGETED_DEVICE_FAMILY = "1,2";
				TEST_HOST = "$(BUILT_PRODUCTS_DIR)/gaming-profile-search.app/gaming-profile-search";
			};
			name = Debug;
		};
		C322AA21287C5070002D9F3E /* Release */ = {
			isa = XCBuildConfiguration;
			buildSettings = {
				ALWAYS_EMBED_SWIFT_STANDARD_LIBRARIES = YES;
				BUNDLE_LOADER = "$(TEST_HOST)";
				CODE_SIGN_STYLE = Automatic;
				CURRENT_PROJECT_VERSION = 1;
				DEVELOPMENT_TEAM = TS82KLGD8T;
				GENERATE_INFOPLIST_FILE = YES;
				IPHONEOS_DEPLOYMENT_TARGET = 15.5;
				MARKETING_VERSION = 1.0;
				PRODUCT_BUNDLE_IDENTIFIER = "com.unfernandito.gaming-profile-searchTests";
				PRODUCT_NAME = "$(TARGET_NAME)";
				SWIFT_EMIT_LOC_STRINGS = NO;
				SWIFT_VERSION = 5.0;
				TARGETED_DEVICE_FAMILY = "1,2";
				TEST_HOST = "$(BUILT_PRODUCTS_DIR)/gaming-profile-search.app/gaming-profile-search";
			};
			name = Release;
		};
		C322AA23287C5070002D9F3E /* Debug */ = {
			isa = XCBuildConfiguration;
			buildSettings = {
				ALWAYS_EMBED_SWIFT_STANDARD_LIBRARIES = YES;
				CODE_SIGN_STYLE = Automatic;
				CURRENT_PROJECT_VERSION = 1;
				DEVELOPMENT_TEAM = TS82KLGD8T;
				GENERATE_INFOPLIST_FILE = YES;
				MARKETING_VERSION = 1.0;
				PRODUCT_BUNDLE_IDENTIFIER = "com.unfernandito.gaming-profile-searchUITests";
				PRODUCT_NAME = "$(TARGET_NAME)";
				SWIFT_EMIT_LOC_STRINGS = NO;
				SWIFT_VERSION = 5.0;
				TARGETED_DEVICE_FAMILY = "1,2";
				TEST_TARGET_NAME = "gaming-profile-search";
			};
			name = Debug;
		};
		C322AA24287C5070002D9F3E /* Release */ = {
			isa = XCBuildConfiguration;
			buildSettings = {
				ALWAYS_EMBED_SWIFT_STANDARD_LIBRARIES = YES;
				CODE_SIGN_STYLE = Automatic;
				CURRENT_PROJECT_VERSION = 1;
				DEVELOPMENT_TEAM = TS82KLGD8T;
				GENERATE_INFOPLIST_FILE = YES;
				MARKETING_VERSION = 1.0;
				PRODUCT_BUNDLE_IDENTIFIER = "com.unfernandito.gaming-profile-searchUITests";
				PRODUCT_NAME = "$(TARGET_NAME)";
				SWIFT_EMIT_LOC_STRINGS = NO;
				SWIFT_VERSION = 5.0;
				TARGETED_DEVICE_FAMILY = "1,2";
				TEST_TARGET_NAME = "gaming-profile-search";
			};
			name = Release;
		};
/* End XCBuildConfiguration section */

/* Begin XCConfigurationList section */
		C322A9F3287C5064002D9F3E /* Build configuration list for PBXProject "gaming-profile-search" */ = {
			isa = XCConfigurationList;
			buildConfigurations = (
				C322AA1A287C5070002D9F3E /* Debug */,
				C322AA1B287C5070002D9F3E /* Release */,
			);
			defaultConfigurationIsVisible = 0;
			defaultConfigurationName = Release;
		};
		C322AA1C287C5070002D9F3E /* Build configuration list for PBXNativeTarget "gaming-profile-search" */ = {
			isa = XCConfigurationList;
			buildConfigurations = (
				C322AA1D287C5070002D9F3E /* Debug */,
				C322AA1E287C5070002D9F3E /* Release */,
			);
			defaultConfigurationIsVisible = 0;
			defaultConfigurationName = Release;
		};
		C322AA1F287C5070002D9F3E /* Build configuration list for PBXNativeTarget "gaming-profile-searchTests" */ = {
			isa = XCConfigurationList;
			buildConfigurations = (
				C322AA20287C5070002D9F3E /* Debug */,
				C322AA21287C5070002D9F3E /* Release */,
			);
			defaultConfigurationIsVisible = 0;
			defaultConfigurationName = Release;
		};
		C322AA22287C5070002D9F3E /* Build configuration list for PBXNativeTarget "gaming-profile-searchUITests" */ = {
			isa = XCConfigurationList;
			buildConfigurations = (
				C322AA23287C5070002D9F3E /* Debug */,
				C322AA24287C5070002D9F3E /* Release */,
			);
			defaultConfigurationIsVisible = 0;
			defaultConfigurationName = Release;
		};
/* End XCConfigurationList section */
	};
	rootObject = C322A9F0287C5064002D9F3E /* Project object */;
}
